{
  "name": "mc-region-explorer",
  "version": "1.0.0",
  "lockfileVersion": 1,
  "requires": true,
  "dependencies": {
    "mca-js": {
      "version": "0.1.1",
      "resolved": "https://registry.npmjs.org/mca-js/-/mca-js-0.1.1.tgz",
      "integrity": "sha1-ipBmSXQpG02qlkRSZraVovdkL/s="
    },
    "nbt-js": {
      "version": "0.1.0",
      "resolved": "https://registry.npmjs.org/nbt-js/-/nbt-js-0.1.0.tgz",
      "integrity": "sha1-koZvxH2IVznbVttvHFhwYYJrwBg="
    }
  }
}
